<Solution>
  <Folder Name="/src/">
    <Project Path="src/ProjectManagement.Application.Contracts/ProjectManagement.Application.Contracts.csproj" />
    <Project Path="src/ProjectManagement.Application/ProjectManagement.Application.csproj" />
    
    
    
    
    
    
    
    
    
    <Project Path="src/ProjectManagement.DbMigrator/ProjectManagement.DbMigrator.csproj" />
    <Project Path="src/ProjectManagement.Domain.Shared/ProjectManagement.Domain.Shared.csproj" />
    <Project Path="src/ProjectManagement.Domain/ProjectManagement.Domain.csproj" />
    <Project Path="src/ProjectManagement.EntityFrameworkCore/ProjectManagement.EntityFrameworkCore.csproj" />
    <Project Path="src/ProjectManagement.HttpApi.Client/ProjectManagement.HttpApi.Client.csproj" />
    
    
    <Project Path="src/ProjectManagement.HttpApi/ProjectManagement.HttpApi.csproj" />
    
    
    <Project Path="src/ProjectManagement.Web/ProjectManagement.Web.csproj" />
  </Folder>
  <Folder Name="/test/">
    <Project Path="test/ProjectManagement.Application.Tests/ProjectManagement.Application.Tests.csproj" />
    <Project Path="test/ProjectManagement.Domain.Tests/ProjectManagement.Domain.Tests.csproj" />
    <Project Path="test/ProjectManagement.EntityFrameworkCore.Tests/ProjectManagement.EntityFrameworkCore.Tests.csproj" />
    <Project Path="test/ProjectManagement.HttpApi.Client.ConsoleTestApp/ProjectManagement.HttpApi.Client.ConsoleTestApp.csproj" />
    
    <Project Path="test/ProjectManagement.TestBase/ProjectManagement.TestBase.csproj" />
    <Project Path="test/ProjectManagement.Web.Tests/ProjectManagement.Web.Tests.csproj" />
  </Folder>
</Solution>
